// !$*UTF8*$!
{
	archiveVersion = 1;
	classes = {
	};
	objectVersion = 50;
	objects = {

/* Begin PBXBuildFile section */
		726EA6E6213FCE05005D8726 /* AppDelegate.swift in Sources */ = {isa = PBXBuildFile; fileRef = 726EA6E5213FCE05005D8726 /* AppDelegate.swift */; };
		726EA6F8213FD200005D8726 /* Assets.xcassets in Resources */ = {isa = PBXBuildFile; fileRef = 726EA6F7213FD200005D8726 /* Assets.xcassets */; };
		727A7D3A2145FF5100B5CDBE /* UIBarButtonItem+Extension.swift in Sources */ = {isa = PBXBuildFile; fileRef = 727A7D392145FF5100B5CDBE /* UIBarButtonItem+Extension.swift */; };
		72966DAE2142454A00EB0A8D /* WBBaseNavigationController.swift in Sources */ = {isa = PBXBuildFile; fileRef = 72966DAD2142454A00EB0A8D /* WBBaseNavigationController.swift */; };
		72966DB22142464B00EB0A8D /* WBMainViewController.swift in Sources */ = {isa = PBXBuildFile; fileRef = 72966DB12142464B00EB0A8D /* WBMainViewController.swift */; };
		72966DB42142466100EB0A8D /* WBBaseViewController.swift in Sources */ = {isa = PBXBuildFile; fileRef = 72966DB32142466100EB0A8D /* WBBaseViewController.swift */; };
		72966DB62142468800EB0A8D /* WBHomeViewController.swift in Sources */ = {isa = PBXBuildFile; fileRef = 72966DB52142468800EB0A8D /* WBHomeViewController.swift */; };
		72966DB82142469300EB0A8D /* WBMessageViewController.swift in Sources */ = {isa = PBXBuildFile; fileRef = 72966DB72142469300EB0A8D /* WBMessageViewController.swift */; };
		72966DBA2142469E00EB0A8D /* WBDiscoverViewController.swift in Sources */ = {isa = PBXBuildFile; fileRef = 72966DB92142469E00EB0A8D /* WBDiscoverViewController.swift */; };
		72966DBC214246A800EB0A8D /* WBProfileViewController.swift in Sources */ = {isa = PBXBuildFile; fileRef = 72966DBB214246A800EB0A8D /* WBProfileViewController.swift */; };
		72966DD721424A0700EB0A8D /* UIColor+CZAddition.m in Sources */ = {isa = PBXBuildFile; fileRef = 72966DBE21424A0700EB0A8D /* UIColor+CZAddition.m */; };
		72966DD821424A0700EB0A8D /* UIView+CZAddition.m in Sources */ = {isa = PBXBuildFile; fileRef = 72966DBF21424A0700EB0A8D /* UIView+CZAddition.m */; };
		72966DD921424A0700EB0A8D /* UIScreen+CZAddition.m in Sources */ = {isa = PBXBuildFile; fileRef = 72966DC221424A0700EB0A8D /* UIScreen+CZAddition.m */; };
		72966DDA21424A0700EB0A8D /* UILabel+CZAddition.m in Sources */ = {isa = PBXBuildFile; fileRef = 72966DC421424A0700EB0A8D /* UILabel+CZAddition.m */; };
		72966DDB21424A0700EB0A8D /* NSString+CZBase64.m in Sources */ = {isa = PBXBuildFile; fileRef = 72966DC621424A0700EB0A8D /* NSString+CZBase64.m */; };
		72966DDC21424A0700EB0A8D /* NSString+CZPath.m in Sources */ = {isa = PBXBuildFile; fileRef = 72966DC721424A0700EB0A8D /* NSString+CZPath.m */; };
		72966DDD21424A0700EB0A8D /* UIButton+CZAddition.m in Sources */ = {isa = PBXBuildFile; fileRef = 72966DCA21424A0700EB0A8D /* UIButton+CZAddition.m */; };
		72966DDE21424A0700EB0A8D /* NSObject+CZRuntime.m in Sources */ = {isa = PBXBuildFile; fileRef = 72966DCD21424A0700EB0A8D /* NSObject+CZRuntime.m */; };
		72966DDF21424A0700EB0A8D /* UIViewController+CZAddition.m in Sources */ = {isa = PBXBuildFile; fileRef = 72966DD021424A0700EB0A8D /* UIViewController+CZAddition.m */; };
		72966DE021424A0700EB0A8D /* NSString+CZHash.m in Sources */ = {isa = PBXBuildFile; fileRef = 72966DD121424A0700EB0A8D /* NSString+CZHash.m */; };
		72966DE121424A0700EB0A8D /* NSAttributedString+CZAdditon.m in Sources */ = {isa = PBXBuildFile; fileRef = 72966DD421424A0700EB0A8D /* NSAttributedString+CZAdditon.m */; };
		72966DE221424A0700EB0A8D /* NSArray+Log.m in Sources */ = {isa = PBXBuildFile; fileRef = 72966DD521424A0700EB0A8D /* NSArray+Log.m */; };
		72966DE62142500200EB0A8D /* Bundle + extension.swift in Sources */ = {isa = PBXBuildFile; fileRef = 72966DE52142500200EB0A8D /* Bundle + extension.swift */; };
		72966DE921426B8A00EB0A8D /* WBDemoViewController.swift in Sources */ = {isa = PBXBuildFile; fileRef = 72966DE821426B8A00EB0A8D /* WBDemoViewController.swift */; };
/* End PBXBuildFile section */

/* Begin PBXFileReference section */
		726EA6E2213FCE05005D8726 /* 新浪微博.app */ = {isa = PBXFileReference; explicitFileType = wrapper.application; includeInIndex = 0; path = "新浪微博.app"; sourceTree = BUILT_PRODUCTS_DIR; };
		726EA6E5213FCE05005D8726 /* AppDelegate.swift */ = {isa = PBXFileReference; lastKnownFileType = sourcecode.swift; path = AppDelegate.swift; sourceTree = "<group>"; };
		726EA6F1213FCE06005D8726 /* Info.plist */ = {isa = PBXFileReference; lastKnownFileType = text.plist.xml; path = Info.plist; sourceTree = "<group>"; };
		726EA6F7213FD200005D8726 /* Assets.xcassets */ = {isa = PBXFileReference; lastKnownFileType = folder.assetcatalog; path = Assets.xcassets; sourceTree = "<group>"; };
		727A7D392145FF5100B5CDBE /* UIBarButtonItem+Extension.swift */ = {isa = PBXFileReference; lastKnownFileType = sourcecode.swift; path = "UIBarButtonItem+Extension.swift"; sourceTree = "<group>"; };
		72966DAD2142454A00EB0A8D /* WBBaseNavigationController.swift */ = {isa = PBXFileReference; lastKnownFileType = sourcecode.swift; path = WBBaseNavigationController.swift; sourceTree = "<group>"; };
		72966DB12142464B00EB0A8D /* WBMainViewController.swift */ = {isa = PBXFileReference; lastKnownFileType = sourcecode.swift; path = WBMainViewController.swift; sourceTree = "<group>"; };
		72966DB32142466100EB0A8D /* WBBaseViewController.swift */ = {isa = PBXFileReference; lastKnownFileType = sourcecode.swift; path = WBBaseViewController.swift; sourceTree = "<group>"; };
		72966DB52142468800EB0A8D /* WBHomeViewController.swift */ = {isa = PBXFileReference; lastKnownFileType = sourcecode.swift; path = WBHomeViewController.swift; sourceTree = "<group>"; };
		72966DB72142469300EB0A8D /* WBMessageViewController.swift */ = {isa = PBXFileReference; lastKnownFileType = sourcecode.swift; path = WBMessageViewController.swift; sourceTree = "<group>"; };
		72966DB92142469E00EB0A8D /* WBDiscoverViewController.swift */ = {isa = PBXFileReference; lastKnownFileType = sourcecode.swift; path = WBDiscoverViewController.swift; sourceTree = "<group>"; };
		72966DBB214246A800EB0A8D /* WBProfileViewController.swift */ = {isa = PBXFileReference; lastKnownFileType = sourcecode.swift; path = WBProfileViewController.swift; sourceTree = "<group>"; };
		72966DBE21424A0700EB0A8D /* UIColor+CZAddition.m */ = {isa = PBXFileReference; fileEncoding = 4; lastKnownFileType = sourcecode.c.objc; path = "UIColor+CZAddition.m"; sourceTree = "<group>"; };
		72966DBF21424A0700EB0A8D /* UIView+CZAddition.m */ = {isa = PBXFileReference; fileEncoding = 4; lastKnownFileType = sourcecode.c.objc; path = "UIView+CZAddition.m"; sourceTree = "<group>"; };
		72966DC021424A0700EB0A8D /* UIButton+CZAddition.h */ = {isa = PBXFileReference; fileEncoding = 4; lastKnownFileType = sourcecode.c.h; path = "UIButton+CZAddition.h"; sourceTree = "<group>"; };
		72966DC121424A0700EB0A8D /* NSString+CZHash.h */ = {isa = PBXFileReference; fileEncoding = 4; lastKnownFileType = sourcecode.c.h; path = "NSString+CZHash.h"; sourceTree = "<group>"; };
		72966DC221424A0700EB0A8D /* UIScreen+CZAddition.m */ = {isa = PBXFileReference; fileEncoding = 4; lastKnownFileType = sourcecode.c.objc; path = "UIScreen+CZAddition.m"; sourceTree = "<group>"; };
		72966DC321424A0700EB0A8D /* UIViewController+CZAddition.h */ = {isa = PBXFileReference; fileEncoding = 4; lastKnownFileType = sourcecode.c.h; path = "UIViewController+CZAddition.h"; sourceTree = "<group>"; };
		72966DC421424A0700EB0A8D /* UILabel+CZAddition.m */ = {isa = PBXFileReference; fileEncoding = 4; lastKnownFileType = sourcecode.c.objc; path = "UILabel+CZAddition.m"; sourceTree = "<group>"; };
		72966DC521424A0700EB0A8D /* NSObject+CZRuntime.h */ = {isa = PBXFileReference; fileEncoding = 4; lastKnownFileType = sourcecode.c.h; path = "NSObject+CZRuntime.h"; sourceTree = "<group>"; };
		72966DC621424A0700EB0A8D /* NSString+CZBase64.m */ = {isa = PBXFileReference; fileEncoding = 4; lastKnownFileType = sourcecode.c.objc; path = "NSString+CZBase64.m"; sourceTree = "<group>"; };
		72966DC721424A0700EB0A8D /* NSString+CZPath.m */ = {isa = PBXFileReference; fileEncoding = 4; lastKnownFileType = sourcecode.c.objc; path = "NSString+CZPath.m"; sourceTree = "<group>"; };
		72966DC821424A0700EB0A8D /* NSArray+Log.h */ = {isa = PBXFileReference; fileEncoding = 4; lastKnownFileType = sourcecode.c.h; path = "NSArray+Log.h"; sourceTree = "<group>"; };
		72966DC921424A0700EB0A8D /* NSAttributedString+CZAdditon.h */ = {isa = PBXFileReference; fileEncoding = 4; lastKnownFileType = sourcecode.c.h; path = "NSAttributedString+CZAdditon.h"; sourceTree = "<group>"; };
		72966DCA21424A0700EB0A8D /* UIButton+CZAddition.m */ = {isa = PBXFileReference; fileEncoding = 4; lastKnownFileType = sourcecode.c.objc; path = "UIButton+CZAddition.m"; sourceTree = "<group>"; };
		72966DCB21424A0700EB0A8D /* UIView+CZAddition.h */ = {isa = PBXFileReference; fileEncoding = 4; lastKnownFileType = sourcecode.c.h; path = "UIView+CZAddition.h"; sourceTree = "<group>"; };
		72966DCC21424A0700EB0A8D /* UIColor+CZAddition.h */ = {isa = PBXFileReference; fileEncoding = 4; lastKnownFileType = sourcecode.c.h; path = "UIColor+CZAddition.h"; sourceTree = "<group>"; };
		72966DCD21424A0700EB0A8D /* NSObject+CZRuntime.m */ = {isa = PBXFileReference; fileEncoding = 4; lastKnownFileType = sourcecode.c.objc; path = "NSObject+CZRuntime.m"; sourceTree = "<group>"; };
		72966DCE21424A0700EB0A8D /* UILabel+CZAddition.h */ = {isa = PBXFileReference; fileEncoding = 4; lastKnownFileType = sourcecode.c.h; path = "UILabel+CZAddition.h"; sourceTree = "<group>"; };
		72966DCF21424A0700EB0A8D /* UIScreen+CZAddition.h */ = {isa = PBXFileReference; fileEncoding = 4; lastKnownFileType = sourcecode.c.h; path = "UIScreen+CZAddition.h"; sourceTree = "<group>"; };
		72966DD021424A0700EB0A8D /* UIViewController+CZAddition.m */ = {isa = PBXFileReference; fileEncoding = 4; lastKnownFileType = sourcecode.c.objc; path = "UIViewController+CZAddition.m"; sourceTree = "<group>"; };
		72966DD121424A0700EB0A8D /* NSString+CZHash.m */ = {isa = PBXFileReference; fileEncoding = 4; lastKnownFileType = sourcecode.c.objc; path = "NSString+CZHash.m"; sourceTree = "<group>"; };
		72966DD221424A0700EB0A8D /* NSString+CZBase64.h */ = {isa = PBXFileReference; fileEncoding = 4; lastKnownFileType = sourcecode.c.h; path = "NSString+CZBase64.h"; sourceTree = "<group>"; };
		72966DD321424A0700EB0A8D /* CZAdditions.h */ = {isa = PBXFileReference; fileEncoding = 4; lastKnownFileType = sourcecode.c.h; path = CZAdditions.h; sourceTree = "<group>"; };
		72966DD421424A0700EB0A8D /* NSAttributedString+CZAdditon.m */ = {isa = PBXFileReference; fileEncoding = 4; lastKnownFileType = sourcecode.c.objc; path = "NSAttributedString+CZAdditon.m"; sourceTree = "<group>"; };
		72966DD521424A0700EB0A8D /* NSArray+Log.m */ = {isa = PBXFileReference; fileEncoding = 4; lastKnownFileType = sourcecode.c.objc; path = "NSArray+Log.m"; sourceTree = "<group>"; };
		72966DD621424A0700EB0A8D /* NSString+CZPath.h */ = {isa = PBXFileReference; fileEncoding = 4; lastKnownFileType = sourcecode.c.h; path = "NSString+CZPath.h"; sourceTree = "<group>"; };
		72966DE321424AB100EB0A8D /* WeiBo-Bridge.h */ = {isa = PBXFileReference; lastKnownFileType = sourcecode.c.h; path = "WeiBo-Bridge.h"; sourceTree = "<group>"; };
		72966DE52142500200EB0A8D /* Bundle + extension.swift */ = {isa = PBXFileReference; fileEncoding = 4; lastKnownFileType = sourcecode.swift; path = "Bundle + extension.swift"; sourceTree = "<group>"; };
		72966DE821426B8A00EB0A8D /* WBDemoViewController.swift */ = {isa = PBXFileReference; lastKnownFileType = sourcecode.swift; path = WBDemoViewController.swift; sourceTree = "<group>"; };
/* End PBXFileReference section */

/* Begin PBXFrameworksBuildPhase section */
		726EA6DF213FCE05005D8726 /* Frameworks */ = {
			isa = PBXFrameworksBuildPhase;
			buildActionMask = 2147483647;
			files = (
			);
			runOnlyForDeploymentPostprocessing = 0;
		};
/* End PBXFrameworksBuildPhase section */

/* Begin PBXGroup section */
		726EA6D9213FCE05005D8726 = {
			isa = PBXGroup;
			children = (
				726EA6E4213FCE05005D8726 /* 新浪微博 */,
				726EA6E3213FCE05005D8726 /* Products */,
			);
			sourceTree = "<group>";
		};
		726EA6E3213FCE05005D8726 /* Products */ = {
			isa = PBXGroup;
			children = (
				726EA6E2213FCE05005D8726 /* 新浪微博.app */,
			);
			name = Products;
			sourceTree = "<group>";
		};
		726EA6E4213FCE05005D8726 /* 新浪微博 */ = {
			isa = PBXGroup;
			children = (
				726EA6E5213FCE05005D8726 /* AppDelegate.swift */,
				72966DE321424AB100EB0A8D /* WeiBo-Bridge.h */,
				726EA6F7213FD200005D8726 /* Assets.xcassets */,
				726EA6F1213FCE06005D8726 /* Info.plist */,
				72966DA12142422500EB0A8D /* Classes */,
			);
			path = "新浪微博";
			sourceTree = "<group>";
		};
		72966DA12142422500EB0A8D /* Classes */ = {
			isa = PBXGroup;
			children = (
				72966DA52142422500EB0A8D /* View */,
				72966DA22142422500EB0A8D /* ViewModels */,
				72966DA42142422500EB0A8D /* Models */,
				72966DA32142422500EB0A8D /* Tools */,
			);
			path = Classes;
			sourceTree = "<group>";
		};
		72966DA22142422500EB0A8D /* ViewModels */ = {
			isa = PBXGroup;
			children = (
			);
			path = ViewModels;
			sourceTree = "<group>";
		};
		72966DA32142422500EB0A8D /* Tools */ = {
			isa = PBXGroup;
			children = (
				72966DE421424FC900EB0A8D /* Extensions */,
				72966DBD21424A0700EB0A8D /* Additions */,
			);
			path = Tools;
			sourceTree = "<group>";
		};
		72966DA42142422500EB0A8D /* Models */ = {
			isa = PBXGroup;
			children = (
			);
			path = Models;
			sourceTree = "<group>";
		};
		72966DA52142422500EB0A8D /* View */ = {
			isa = PBXGroup;
			children = (
				72966DAA2142422500EB0A8D /* Main */,
				72966DA62142422500EB0A8D /* Home */,
				72966DA92142422500EB0A8D /* Message */,
				72966DA72142422500EB0A8D /* Discover */,
				72966DA82142422500EB0A8D /* Profile */,
			);
			path = View;
			sourceTree = "<group>";
		};
		72966DA62142422500EB0A8D /* Home */ = {
			isa = PBXGroup;
			children = (
				72966DB52142468800EB0A8D /* WBHomeViewController.swift */,
			);
			path = Home;
			sourceTree = "<group>";
		};
		72966DA72142422500EB0A8D /* Discover */ = {
			isa = PBXGroup;
			children = (
				72966DB92142469E00EB0A8D /* WBDiscoverViewController.swift */,
			);
			path = Discover;
			sourceTree = "<group>";
		};
		72966DA82142422500EB0A8D /* Profile */ = {
			isa = PBXGroup;
			children = (
				72966DBB214246A800EB0A8D /* WBProfileViewController.swift */,
			);
			path = Profile;
			sourceTree = "<group>";
		};
		72966DA92142422500EB0A8D /* Message */ = {
			isa = PBXGroup;
			children = (
				72966DB72142469300EB0A8D /* WBMessageViewController.swift */,
			);
			path = Message;
			sourceTree = "<group>";
		};
		72966DAA2142422500EB0A8D /* Main */ = {
			isa = PBXGroup;
			children = (
				72966DE721426B7500EB0A8D /* 测试 */,
				72966DAD2142454A00EB0A8D /* WBBaseNavigationController.swift */,
				72966DB12142464B00EB0A8D /* WBMainViewController.swift */,
				72966DB32142466100EB0A8D /* WBBaseViewController.swift */,
			);
			path = Main;
			sourceTree = "<group>";
		};
		72966DBD21424A0700EB0A8D /* Additions */ = {
			isa = PBXGroup;
			children = (
				72966DD321424A0700EB0A8D /* CZAdditions.h */,
				72966DC821424A0700EB0A8D /* NSArray+Log.h */,
				72966DD521424A0700EB0A8D /* NSArray+Log.m */,
				72966DC921424A0700EB0A8D /* NSAttributedString+CZAdditon.h */,
				72966DD421424A0700EB0A8D /* NSAttributedString+CZAdditon.m */,
				72966DC521424A0700EB0A8D /* NSObject+CZRuntime.h */,
				72966DCD21424A0700EB0A8D /* NSObject+CZRuntime.m */,
				72966DD221424A0700EB0A8D /* NSString+CZBase64.h */,
				72966DC621424A0700EB0A8D /* NSString+CZBase64.m */,
				72966DC121424A0700EB0A8D /* NSString+CZHash.h */,
				72966DD121424A0700EB0A8D /* NSString+CZHash.m */,
				72966DD621424A0700EB0A8D /* NSString+CZPath.h */,
				72966DC721424A0700EB0A8D /* NSString+CZPath.m */,
				72966DC021424A0700EB0A8D /* UIButton+CZAddition.h */,
				72966DCA21424A0700EB0A8D /* UIButton+CZAddition.m */,
				72966DCC21424A0700EB0A8D /* UIColor+CZAddition.h */,
				72966DBE21424A0700EB0A8D /* UIColor+CZAddition.m */,
				72966DCE21424A0700EB0A8D /* UILabel+CZAddition.h */,
				72966DC421424A0700EB0A8D /* UILabel+CZAddition.m */,
				72966DCF21424A0700EB0A8D /* UIScreen+CZAddition.h */,
				72966DC221424A0700EB0A8D /* UIScreen+CZAddition.m */,
				72966DCB21424A0700EB0A8D /* UIView+CZAddition.h */,
				72966DBF21424A0700EB0A8D /* UIView+CZAddition.m */,
				72966DC321424A0700EB0A8D /* UIViewController+CZAddition.h */,
				72966DD021424A0700EB0A8D /* UIViewController+CZAddition.m */,
			);
			path = Additions;
			sourceTree = "<group>";
		};
		72966DE421424FC900EB0A8D /* Extensions */ = {
			isa = PBXGroup;
			children = (
				72966DE52142500200EB0A8D /* Bundle + extension.swift */,
				727A7D392145FF5100B5CDBE /* UIBarButtonItem+Extension.swift */,
			);
			path = Extensions;
			sourceTree = "<group>";
		};
		72966DE721426B7500EB0A8D /* 测试 */ = {
			isa = PBXGroup;
			children = (
				72966DE821426B8A00EB0A8D /* WBDemoViewController.swift */,
			);
			path = "测试";
			sourceTree = "<group>";
		};
/* End PBXGroup section */

/* Begin PBXNativeTarget section */
		726EA6E1213FCE05005D8726 /* 新浪微博 */ = {
			isa = PBXNativeTarget;
			buildConfigurationList = 726EA6F4213FCE06005D8726 /* Build configuration list for PBXNativeTarget "新浪微博" */;
			buildPhases = (
				726EA6DE213FCE05005D8726 /* Sources */,
				726EA6DF213FCE05005D8726 /* Frameworks */,
				726EA6E0213FCE05005D8726 /* Resources */,
			);
			buildRules = (
			);
			dependencies = (
			);
			name = "新浪微博";
			productName = "新浪微博";
			productReference = 726EA6E2213FCE05005D8726 /* 新浪微博.app */;
			productType = "com.apple.product-type.application";
		};
/* End PBXNativeTarget section */

/* Begin PBXProject section */
		726EA6DA213FCE05005D8726 /* Project object */ = {
			isa = PBXProject;
			attributes = {
				CLASSPREFIX = WB;
				LastSwiftUpdateCheck = 0940;
				LastUpgradeCheck = 0940;
				ORGANIZATIONNAME = ljw;
				TargetAttributes = {
					726EA6E1213FCE05005D8726 = {
						CreatedOnToolsVersion = 9.4.1;
					};
				};
			};
			buildConfigurationList = 726EA6DD213FCE05005D8726 /* Build configuration list for PBXProject "新浪微博" */;
			compatibilityVersion = "Xcode 9.3";
			developmentRegion = en;
			hasScannedForEncodings = 0;
			knownRegions = (
				en,
				Base,
			);
			mainGroup = 726EA6D9213FCE05005D8726;
			productRefGroup = 726EA6E3213FCE05005D8726 /* Products */;
			projectDirPath = "";
			projectRoot = "";
			targets = (
				726EA6E1213FCE05005D8726 /* 新浪微博 */,
			);
		};
/* End PBXProject section */

/* Begin PBXResourcesBuildPhase section */
		726EA6E0213FCE05005D8726 /* Resources */ = {
			isa = PBXResourcesBuildPhase;
			buildActionMask = 2147483647;
			files = (
				726EA6F8213FD200005D8726 /* Assets.xcassets in Resources */,
			);
			runOnlyForDeploymentPostprocessing = 0;
		};
/* End PBXResourcesBuildPhase section */

/* Begin PBXSourcesBuildPhase section */
		726EA6DE213FCE05005D8726 /* Sources */ = {
			isa = PBXSourcesBuildPhase;
			buildActionMask = 2147483647;
			files = (
				72966DB42142466100EB0A8D /* WBBaseViewController.swift in Sources */,
				72966DDB21424A0700EB0A8D /* NSString+CZBase64.m in Sources */,
				72966DBC214246A800EB0A8D /* WBProfileViewController.swift in Sources */,
				72966DDE21424A0700EB0A8D /* NSObject+CZRuntime.m in Sources */,
				72966DE121424A0700EB0A8D /* NSAttributedString+CZAdditon.m in Sources */,
				72966DE221424A0700EB0A8D /* NSArray+Log.m in Sources */,
				72966DE62142500200EB0A8D /* Bundle + extension.swift in Sources */,
				72966DD921424A0700EB0A8D /* UIScreen+CZAddition.m in Sources */,
				72966DE921426B8A00EB0A8D /* WBDemoViewController.swift in Sources */,
				727A7D3A2145FF5100B5CDBE /* UIBarButtonItem+Extension.swift in Sources */,
				72966DBA2142469E00EB0A8D /* WBDiscoverViewController.swift in Sources */,
				72966DAE2142454A00EB0A8D /* WBBaseNavigationController.swift in Sources */,
				72966DB62142468800EB0A8D /* WBHomeViewController.swift in Sources */,
				72966DDD21424A0700EB0A8D /* UIButton+CZAddition.m in Sources */,
				726EA6E6213FCE05005D8726 /* AppDelegate.swift in Sources */,
				72966DE021424A0700EB0A8D /* NSString+CZHash.m in Sources */,
				72966DDF21424A0700EB0A8D /* UIViewController+CZAddition.m in Sources */,
				72966DB22142464B00EB0A8D /* WBMainViewController.swift in Sources */,
				72966DB82142469300EB0A8D /* WBMessageViewController.swift in Sources */,
				72966DDA21424A0700EB0A8D /* UILabel+CZAddition.m in Sources */,
				72966DDC21424A0700EB0A8D /* NSString+CZPath.m in Sources */,
				72966DD721424A0700EB0A8D /* UIColor+CZAddition.m in Sources */,
				72966DD821424A0700EB0A8D /* UIView+CZAddition.m in Sources */,
			);
			runOnlyForDeploymentPostprocessing = 0;
		};
/* End PBXSourcesBuildPhase section */

/* Begin XCBuildConfiguration section */
		726EA6F2213FCE06005D8726 /* Debug */ = {
			isa = XCBuildConfiguration;
			buildSettings = {
				ALWAYS_SEARCH_USER_PATHS = NO;
				CLANG_ANALYZER_NONNULL = YES;
				CLANG_ANALYZER_NUMBER_OBJECT_CONVERSION = YES_AGGRESSIVE;
				CLANG_CXX_LANGUAGE_STANDARD = "gnu++14";
				CLANG_CXX_LIBRARY = "libc++";
				CLANG_ENABLE_MODULES = YES;
				CLANG_ENABLE_OBJC_ARC = YES;
				CLANG_ENABLE_OBJC_WEAK = YES;
				CLANG_WARN_BLOCK_CAPTURE_AUTORELEASING = YES;
				CLANG_WARN_BOOL_CONVERSION = YES;
				CLANG_WARN_COMMA = YES;
				CLANG_WARN_CONSTANT_CONVERSION = YES;
				CLANG_WARN_DEPRECATED_OBJC_IMPLEMENTATIONS = YES;
				CLANG_WARN_DIRECT_OBJC_ISA_USAGE = YES_ERROR;
				CLANG_WARN_DOCUMENTATION_COMMENTS = YES;
				CLANG_WARN_EMPTY_BODY = YES;
				CLANG_WARN_ENUM_CONVERSION = YES;
				CLANG_WARN_INFINITE_RECURSION = YES;
				CLANG_WARN_INT_CONVERSION = YES;
				CLANG_WARN_NON_LITERAL_NULL_CONVERSION = YES;
				CLANG_WARN_OBJC_IMPLICIT_RETAIN_SELF = YES;
				CLANG_WARN_OBJC_LITERAL_CONVERSION = YES;
				CLANG_WARN_OBJC_ROOT_CLASS = YES_ERROR;
				CLANG_WARN_RANGE_LOOP_ANALYSIS = YES;
				CLANG_WARN_STRICT_PROTOTYPES = YES;
				CLANG_WARN_SUSPICIOUS_MOVE = YES;
				CLANG_WARN_UNGUARDED_AVAILABILITY = YES_AGGRESSIVE;
				CLANG_WARN_UNREACHABLE_CODE = YES;
				CLANG_WARN__DUPLICATE_METHOD_MATCH = YES;
				CODE_SIGN_IDENTITY = "iPhone Developer";
				COPY_PHASE_STRIP = NO;
				DEBUG_INFORMATION_FORMAT = dwarf;
				ENABLE_STRICT_OBJC_MSGSEND = YES;
				ENABLE_TESTABILITY = YES;
				GCC_C_LANGUAGE_STANDARD = gnu11;
				GCC_DYNAMIC_NO_PIC = NO;
				GCC_NO_COMMON_BLOCKS = YES;
				GCC_OPTIMIZATION_LEVEL = 0;
				GCC_PREPROCESSOR_DEFINITIONS = (
					"DEBUG=1",
					"$(inherited)",
				);
				GCC_WARN_64_TO_32_BIT_CONVERSION = YES;
				GCC_WARN_ABOUT_RETURN_TYPE = YES_ERROR;
				GCC_WARN_UNDECLARED_SELECTOR = YES;
				GCC_WARN_UNINITIALIZED_AUTOS = YES_AGGRESSIVE;
				GCC_WARN_UNUSED_FUNCTION = YES;
				GCC_WARN_UNUSED_VARIABLE = YES;
				IPHONEOS_DEPLOYMENT_TARGET = 11.4;
				MTL_ENABLE_DEBUG_INFO = YES;
				ONLY_ACTIVE_ARCH = YES;
				SDKROOT = iphoneos;
				SWIFT_ACTIVE_COMPILATION_CONDITIONS = DEBUG;
				SWIFT_OPTIMIZATION_LEVEL = "-Onone";
			};
			name = Debug;
		};
		726EA6F3213FCE06005D8726 /* Release */ = {
			isa = XCBuildConfiguration;
			buildSettings = {
				ALWAYS_SEARCH_USER_PATHS = NO;
				CLANG_ANALYZER_NONNULL = YES;
				CLANG_ANALYZER_NUMBER_OBJECT_CONVERSION = YES_AGGRESSIVE;
				CLANG_CXX_LANGUAGE_STANDARD = "gnu++14";
				CLANG_CXX_LIBRARY = "libc++";
				CLANG_ENABLE_MODULES = YES;
				CLANG_ENABLE_OBJC_ARC = YES;
				CLANG_ENABLE_OBJC_WEAK = YES;
				CLANG_WARN_BLOCK_CAPTURE_AUTORELEASING = YES;
				CLANG_WARN_BOOL_CONVERSION = YES;
				CLANG_WARN_COMMA = YES;
				CLANG_WARN_CONSTANT_CONVERSION = YES;
				CLANG_WARN_DEPRECATED_OBJC_IMPLEMENTATIONS = YES;
				CLANG_WARN_DIRECT_OBJC_ISA_USAGE = YES_ERROR;
				CLANG_WARN_DOCUMENTATION_COMMENTS = YES;
				CLANG_WARN_EMPTY_BODY = YES;
				CLANG_WARN_ENUM_CONVERSION = YES;
				CLANG_WARN_INFINITE_RECURSION = YES;
				CLANG_WARN_INT_CONVERSION = YES;
				CLANG_WARN_NON_LITERAL_NULL_CONVERSION = YES;
				CLANG_WARN_OBJC_IMPLICIT_RETAIN_SELF = YES;
				CLANG_WARN_OBJC_LITERAL_CONVERSION = YES;
				CLANG_WARN_OBJC_ROOT_CLASS = YES_ERROR;
				CLANG_WARN_RANGE_LOOP_ANALYSIS = YES;
				CLANG_WARN_STRICT_PROTOTYPES = YES;
				CLANG_WARN_SUSPICIOUS_MOVE = YES;
				CLANG_WARN_UNGUARDED_AVAILABILITY = YES_AGGRESSIVE;
				CLANG_WARN_UNREACHABLE_CODE = YES;
				CLANG_WARN__DUPLICATE_METHOD_MATCH = YES;
				CODE_SIGN_IDENTITY = "iPhone Developer";
				COPY_PHASE_STRIP = NO;
				DEBUG_INFORMATION_FORMAT = "dwarf-with-dsym";
				ENABLE_NS_ASSERTIONS = NO;
				ENABLE_STRICT_OBJC_MSGSEND = YES;
				GCC_C_LANGUAGE_STANDARD = gnu11;
				GCC_NO_COMMON_BLOCKS = YES;
				GCC_WARN_64_TO_32_BIT_CONVERSION = YES;
				GCC_WARN_ABOUT_RETURN_TYPE = YES_ERROR;
				GCC_WARN_UNDECLARED_SELECTOR = YES;
				GCC_WARN_UNINITIALIZED_AUTOS = YES_AGGRESSIVE;
				GCC_WARN_UNUSED_FUNCTION = YES;
				GCC_WARN_UNUSED_VARIABLE = YES;
				IPHONEOS_DEPLOYMENT_TARGET = 11.4;
				MTL_ENABLE_DEBUG_INFO = NO;
				SDKROOT = iphoneos;
				SWIFT_COMPILATION_MODE = wholemodule;
				SWIFT_OPTIMIZATION_LEVEL = "-O";
				VALIDATE_PRODUCT = YES;
			};
			name = Release;
		};
		726EA6F5213FCE06005D8726 /* Debug */ = {
			isa = XCBuildConfiguration;
			buildSettings = {
				ASSETCATALOG_COMPILER_APPICON_NAME = AppIcon;
				ASSETCATALOG_COMPILER_LAUNCHIMAGE_NAME = LaunchImage;
				CODE_SIGN_STYLE = Automatic;
				DEVELOPMENT_TEAM = SH3N75AN8Y;
				INFOPLIST_FILE = "新浪微博/Info.plist";
				IPHONEOS_DEPLOYMENT_TARGET = 8.0;
				LD_RUNPATH_SEARCH_PATHS = (
					"$(inherited)",
					"@executable_path/Frameworks",
				);
				PRODUCT_BUNDLE_IDENTIFIER = edu.zwu.2017.weibo;
				PRODUCT_NAME = "$(TARGET_NAME)";
				SWIFT_OBJC_BRIDGING_HEADER = "新浪微博/WeiBo-Bridge.h";
				SWIFT_VERSION = 4.0;
				TARGETED_DEVICE_FAMILY = "1,2";
			};
			name = Debug;
		};
		726EA6F6213FCE06005D8726 /* Release */ = {
			isa = XCBuildConfiguration;
			buildSettings = {
				ASSETCATALOG_COMPILER_APPICON_NAME = AppIcon;
				ASSETCATALOG_COMPILER_LAUNCHIMAGE_NAME = LaunchImage;
				CODE_SIGN_STYLE = Automatic;
				DEVELOPMENT_TEAM = SH3N75AN8Y;
				INFOPLIST_FILE = "新浪微博/Info.plist";
				IPHONEOS_DEPLOYMENT_TARGET = 8.0;
				LD_RUNPATH_SEARCH_PATHS = (
					"$(inherited)",
					"@executable_path/Frameworks",
				);
				PRODUCT_BUNDLE_IDENTIFIER = edu.zwu.2017.weibo;
				PRODUCT_NAME = "$(TARGET_NAME)";
				SWIFT_OBJC_BRIDGING_HEADER = "新浪微博/WeiBo-Bridge.h";
				SWIFT_VERSION = 4.0;
				TARGETED_DEVICE_FAMILY = "1,2";
			};
			name = Release;
		};
/* End XCBuildConfiguration section */

/* Begin XCConfigurationList section */
		726EA6DD213FCE05005D8726 /* Build configuration list for PBXProject "新浪微博" */ = {
			isa = XCConfigurationList;
			buildConfigurations = (
				726EA6F2213FCE06005D8726 /* Debug */,
				726EA6F3213FCE06005D8726 /* Release */,
			);
			defaultConfigurationIsVisible = 0;
			defaultConfigurationName = Release;
		};
		726EA6F4213FCE06005D8726 /* Build configuration list for PBXNativeTarget "新浪微博" */ = {
			isa = XCConfigurationList;
			buildConfigurations = (
				726EA6F5213FCE06005D8726 /* Debug */,
				726EA6F6213FCE06005D8726 /* Release */,
			);
			defaultConfigurationIsVisible = 0;
			defaultConfigurationName = Release;
		};
/* End XCConfigurationList section */
	};
	rootObject = 726EA6DA213FCE05005D8726 /* Project object */;
}
